
Microsoft Visual Studio Solution File, Format Version 12.00
# Visual Studio Version 17
VisualStudioVersion = 17.13.35818.85 d17.13
MinimumVisualStudioVersion = 10.0.40219.1
Project("{FAE04EC0-301F-11D3-BF4B-00C04F79EFBC}") = "PMBVids", "PMBVids\PMBVids.csproj", "{60192F6A-0CF3-4436-8C8A-2F9C1349F843}"
EndProject
Global
	GlobalSection(SolutionConfigurationPlatforms) = preSolution
		Debug|Any CPU = Debug|Any CPU
		Release|Any CPU = Release|Any CPU
	EndGlobalSection
	GlobalSection(ProjectConfigurationPlatforms) = postSolution
		{60192F6A-0CF3-4436-8C8A-2F9C1349F843}.Debug|Any CPU.ActiveCfg = Debug|Any CPU
		{60192F6A-0CF3-4436-8C8A-2F9C1349F843}.Debug|Any CPU.Build.0 = Debug|Any CPU
		{60192F6A-0CF3-4436-8C8A-2F9C1349F843}.Release|Any CPU.ActiveCfg = Release|Any CPU
		{60192F6A-0CF3-4436-8C8A-2F9C1349F843}.Release|Any CPU.Build.0 = Release|Any CPU
	EndGlobalSection
	GlobalSection(SolutionProperties) = preSolution
		HideSolutionNode = FALSE
	EndGlobalSection
	GlobalSection(ExtensibilityGlobals) = postSolution
		SolutionGuid = {1061C2E8-EC61-4DF3-A860-916A0159BD8A}
	EndGlobalSection
EndGlobal
